// !$*UTF8*$!
{
	archiveVersion = 1;
	classes = {
	};
	objectVersion = 50;
	objects = {

/* Begin PBXBuildFile section */
		57126B4823626E0B000852DD /* AppDelegate.swift in Sources */ = {isa = PBXBuildFile; fileRef = 57126B4723626E0A000852DD /* AppDelegate.swift */; };
		57126B4A23626E0B000852DD /* SceneDelegate.swift in Sources */ = {isa = PBXBuildFile; fileRef = 57126B4923626E0B000852DD /* SceneDelegate.swift */; };
		57126B4F23626E0B000852DD /* Main.storyboard in Resources */ = {isa = PBXBuildFile; fileRef = 57126B4D23626E0B000852DD /* Main.storyboard */; };
		57126B5123626E13000852DD /* Assets.xcassets in Resources */ = {isa = PBXBuildFile; fileRef = 57126B5023626E13000852DD /* Assets.xcassets */; };
		57126B5423626E13000852DD /* LaunchScreen.storyboard in Resources */ = {isa = PBXBuildFile; fileRef = 57126B5223626E13000852DD /* LaunchScreen.storyboard */; };
		57126B61236271BA000852DD /* ActivitiesTableViewController.swift in Sources */ = {isa = PBXBuildFile; fileRef = 57126B60236271BA000852DD /* ActivitiesTableViewController.swift */; };
		57126B63236271EB000852DD /* NewActivityTableViewController.swift in Sources */ = {isa = PBXBuildFile; fileRef = 57126B62236271EB000852DD /* NewActivityTableViewController.swift */; };
		57126B65236272B8000852DD /* EditActivityTableViewController.swift in Sources */ = {isa = PBXBuildFile; fileRef = 57126B64236272B8000852DD /* EditActivityTableViewController.swift */; };
		57126B6723627308000852DD /* ActivityTypesTableViewController.swift in Sources */ = {isa = PBXBuildFile; fileRef = 57126B6623627308000852DD /* ActivityTypesTableViewController.swift */; };
		57126B6923627325000852DD /* LocationsTableViewController.swift in Sources */ = {isa = PBXBuildFile; fileRef = 57126B6823627325000852DD /* LocationsTableViewController.swift */; };
		57126B6B2362733E000852DD /* Activity.swift in Sources */ = {isa = PBXBuildFile; fileRef = 57126B6A2362733E000852DD /* Activity.swift */; };
		57126B6D23627375000852DD /* ActivityTableViewCell.swift in Sources */ = {isa = PBXBuildFile; fileRef = 57126B6C23627375000852DD /* ActivityTableViewCell.swift */; };
/* End PBXBuildFile section */

/* Begin PBXFileReference section */
		57126B4423626E0A000852DD /* ActivityTimer.app */ = {isa = PBXFileReference; explicitFileType = wrapper.application; includeInIndex = 0; path = ActivityTimer.app; sourceTree = BUILT_PRODUCTS_DIR; };
		57126B4723626E0A000852DD /* AppDelegate.swift */ = {isa = PBXFileReference; lastKnownFileType = sourcecode.swift; path = AppDelegate.swift; sourceTree = "<group>"; };
		57126B4923626E0B000852DD /* SceneDelegate.swift */ = {isa = PBXFileReference; lastKnownFileType = sourcecode.swift; path = SceneDelegate.swift; sourceTree = "<group>"; };
		57126B4E23626E0B000852DD /* Base */ = {isa = PBXFileReference; lastKnownFileType = file.storyboard; name = Base; path = Base.lproj/Main.storyboard; sourceTree = "<group>"; };
		57126B5023626E13000852DD /* Assets.xcassets */ = {isa = PBXFileReference; lastKnownFileType = folder.assetcatalog; path = Assets.xcassets; sourceTree = "<group>"; };
		57126B5323626E13000852DD /* Base */ = {isa = PBXFileReference; lastKnownFileType = file.storyboard; name = Base; path = Base.lproj/LaunchScreen.storyboard; sourceTree = "<group>"; };
		57126B5523626E13000852DD /* Info.plist */ = {isa = PBXFileReference; lastKnownFileType = text.plist.xml; path = Info.plist; sourceTree = "<group>"; };
		57126B60236271BA000852DD /* ActivitiesTableViewController.swift */ = {isa = PBXFileReference; lastKnownFileType = sourcecode.swift; path = ActivitiesTableViewController.swift; sourceTree = "<group>"; };
		57126B62236271EB000852DD /* NewActivityTableViewController.swift */ = {isa = PBXFileReference; lastKnownFileType = sourcecode.swift; path = NewActivityTableViewController.swift; sourceTree = "<group>"; };
		57126B64236272B8000852DD /* EditActivityTableViewController.swift */ = {isa = PBXFileReference; lastKnownFileType = sourcecode.swift; path = EditActivityTableViewController.swift; sourceTree = "<group>"; };
		57126B6623627308000852DD /* ActivityTypesTableViewController.swift */ = {isa = PBXFileReference; lastKnownFileType = sourcecode.swift; path = ActivityTypesTableViewController.swift; sourceTree = "<group>"; };
		57126B6823627325000852DD /* LocationsTableViewController.swift */ = {isa = PBXFileReference; lastKnownFileType = sourcecode.swift; path = LocationsTableViewController.swift; sourceTree = "<group>"; };
		57126B6A2362733E000852DD /* Activity.swift */ = {isa = PBXFileReference; lastKnownFileType = sourcecode.swift; path = Activity.swift; sourceTree = "<group>"; };
		57126B6C23627375000852DD /* ActivityTableViewCell.swift */ = {isa = PBXFileReference; lastKnownFileType = sourcecode.swift; path = ActivityTableViewCell.swift; sourceTree = "<group>"; };
/* End PBXFileReference section */

/* Begin PBXFrameworksBuildPhase section */
		57126B4123626E0A000852DD /* Frameworks */ = {
			isa = PBXFrameworksBuildPhase;
			buildActionMask = 2147483647;
			files = (
			);
			runOnlyForDeploymentPostprocessing = 0;
		};
/* End PBXFrameworksBuildPhase section */

/* Begin PBXGroup section */
		57126B3B23626E0A000852DD = {
			isa = PBXGroup;
			children = (
				57126B4623626E0A000852DD /* ActivityTimer */,
				57126B4523626E0A000852DD /* Products */,
			);
			sourceTree = "<group>";
		};
		57126B4523626E0A000852DD /* Products */ = {
			isa = PBXGroup;
			children = (
				57126B4423626E0A000852DD /* ActivityTimer.app */,
			);
			name = Products;
			sourceTree = "<group>";
		};
		57126B4623626E0A000852DD /* ActivityTimer */ = {
			isa = PBXGroup;
			children = (
				57126B5E23626EA2000852DD /* Models */,
				57126B5C23626E51000852DD /* Controllers */,
				57126B5B23626E3A000852DD /* Views */,
				57126B4D23626E0B000852DD /* Main.storyboard */,
				57126B5523626E13000852DD /* Info.plist */,
				57126B5F23626EAC000852DD /* Supporting Files */,
			);
			path = ActivityTimer;
			sourceTree = "<group>";
		};
		57126B5B23626E3A000852DD /* Views */ = {
			isa = PBXGroup;
			children = (
				57126B6C23627375000852DD /* ActivityTableViewCell.swift */,
			);
			name = Views;
			sourceTree = "<group>";
		};
		57126B5C23626E51000852DD /* Controllers */ = {
			isa = PBXGroup;
			children = (
				57126B60236271BA000852DD /* ActivitiesTableViewController.swift */,
				57126B62236271EB000852DD /* NewActivityTableViewController.swift */,
				57126B64236272B8000852DD /* EditActivityTableViewController.swift */,
				57126B6623627308000852DD /* ActivityTypesTableViewController.swift */,
				57126B6823627325000852DD /* LocationsTableViewController.swift */,
			);
			name = Controllers;
			sourceTree = "<group>";
		};
		57126B5E23626EA2000852DD /* Models */ = {
			isa = PBXGroup;
			children = (
				57126B6A2362733E000852DD /* Activity.swift */,
			);
			name = Models;
			sourceTree = "<group>";
		};
		57126B5F23626EAC000852DD /* Supporting Files */ = {
			isa = PBXGroup;
			children = (
				57126B4723626E0A000852DD /* AppDelegate.swift */,
				57126B4923626E0B000852DD /* SceneDelegate.swift */,
				57126B5223626E13000852DD /* LaunchScreen.storyboard */,
				57126B5023626E13000852DD /* Assets.xcassets */,
			);
			name = "Supporting Files";
			sourceTree = "<group>";
		};
/* End PBXGroup section */

/* Begin PBXNativeTarget section */
		57126B4323626E0A000852DD /* ActivityTimer */ = {
			isa = PBXNativeTarget;
			buildConfigurationList = 57126B5823626E13000852DD /* Build configuration list for PBXNativeTarget "ActivityTimer" */;
			buildPhases = (
				57126B4023626E0A000852DD /* Sources */,
				57126B4123626E0A000852DD /* Frameworks */,
				57126B4223626E0A000852DD /* Resources */,
			);
			buildRules = (
			);
			dependencies = (
			);
			name = ActivityTimer;
			productName = ActivityTimeManager;
			productReference = 57126B4423626E0A000852DD /* ActivityTimer.app */;
			productType = "com.apple.product-type.application";
		};
/* End PBXNativeTarget section */

/* Begin PBXProject section */
		57126B3C23626E0A000852DD /* Project object */ = {
			isa = PBXProject;
			attributes = {
				LastSwiftUpdateCheck = 1110;
				LastUpgradeCheck = 1110;
				ORGANIZATIONNAME = "Alex Cho";
				TargetAttributes = {
					57126B4323626E0A000852DD = {
						CreatedOnToolsVersion = 11.1;
					};
				};
			};
			buildConfigurationList = 57126B3F23626E0A000852DD /* Build configuration list for PBXProject "ActivityTimer" */;
			compatibilityVersion = "Xcode 9.3";
			developmentRegion = en;
			hasScannedForEncodings = 0;
			knownRegions = (
				en,
				Base,
			);
			mainGroup = 57126B3B23626E0A000852DD;
			productRefGroup = 57126B4523626E0A000852DD /* Products */;
			projectDirPath = "";
			projectRoot = "";
			targets = (
				57126B4323626E0A000852DD /* ActivityTimer */,
			);
		};
/* End PBXProject section */

/* Begin PBXResourcesBuildPhase section */
		57126B4223626E0A000852DD /* Resources */ = {
			isa = PBXResourcesBuildPhase;
			buildActionMask = 2147483647;
			files = (
				57126B5423626E13000852DD /* LaunchScreen.storyboard in Resources */,
				57126B5123626E13000852DD /* Assets.xcassets in Resources */,
				57126B4F23626E0B000852DD /* Main.storyboard in Resources */,
			);
			runOnlyForDeploymentPostprocessing = 0;
		};
/* End PBXResourcesBuildPhase section */

/* Begin PBXSourcesBuildPhase section */
		57126B4023626E0A000852DD /* Sources */ = {
			isa = PBXSourcesBuildPhase;
			buildActionMask = 2147483647;
			files = (
				57126B6723627308000852DD /* ActivityTypesTableViewController.swift in Sources */,
				57126B61236271BA000852DD /* ActivitiesTableViewController.swift in Sources */,
				57126B65236272B8000852DD /* EditActivityTableViewController.swift in Sources */,
				57126B63236271EB000852DD /* NewActivityTableViewController.swift in Sources */,
				57126B4823626E0B000852DD /* AppDelegate.swift in Sources */,
				57126B4A23626E0B000852DD /* SceneDelegate.swift in Sources */,
				57126B6B2362733E000852DD /* Activity.swift in Sources */,
				57126B6923627325000852DD /* LocationsTableViewController.swift in Sources */,
				57126B6D23627375000852DD /* ActivityTableViewCell.swift in Sources */,
			);
			runOnlyForDeploymentPostprocessing = 0;
		};
/* End PBXSourcesBuildPhase section */

/* Begin PBXVariantGroup section */
		57126B4D23626E0B000852DD /* Main.storyboard */ = {
			isa = PBXVariantGroup;
			children = (
				57126B4E23626E0B000852DD /* Base */,
			);
			name = Main.storyboard;
			sourceTree = "<group>";
		};
		57126B5223626E13000852DD /* LaunchScreen.storyboard */ = {
			isa = PBXVariantGroup;
			children = (
				57126B5323626E13000852DD /* Base */,
			);
			name = LaunchScreen.storyboard;
			sourceTree = "<group>";
		};
/* End PBXVariantGroup section */

/* Begin XCBuildConfiguration section */
		57126B5623626E13000852DD /* Debug */ = {
			isa = XCBuildConfiguration;
			buildSettings = {
				ALWAYS_SEARCH_USER_PATHS = NO;
				CLANG_ANALYZER_NONNULL = YES;
				CLANG_ANALYZER_NUMBER_OBJECT_CONVERSION = YES_AGGRESSIVE;
				CLANG_CXX_LANGUAGE_STANDARD = "gnu++14";
				CLANG_CXX_LIBRARY = "libc++";
				CLANG_ENABLE_MODULES = YES;
				CLANG_ENABLE_OBJC_ARC = YES;
				CLANG_ENABLE_OBJC_WEAK = YES;
				CLANG_WARN_BLOCK_CAPTURE_AUTORELEASING = YES;
				CLANG_WARN_BOOL_CONVERSION = YES;
				CLANG_WARN_COMMA = YES;
				CLANG_WARN_CONSTANT_CONVERSION = YES;
				CLANG_WARN_DEPRECATED_OBJC_IMPLEMENTATIONS = YES;
				CLANG_WARN_DIRECT_OBJC_ISA_USAGE = YES_ERROR;
				CLANG_WARN_DOCUMENTATION_COMMENTS = YES;
				CLANG_WARN_EMPTY_BODY = YES;
				CLANG_WARN_ENUM_CONVERSION = YES;
				CLANG_WARN_INFINITE_RECURSION = YES;
				CLANG_WARN_INT_CONVERSION = YES;
				CLANG_WARN_NON_LITERAL_NULL_CONVERSION = YES;
				CLANG_WARN_OBJC_IMPLICIT_RETAIN_SELF = YES;
				CLANG_WARN_OBJC_LITERAL_CONVERSION = YES;
				CLANG_WARN_OBJC_ROOT_CLASS = YES_ERROR;
				CLANG_WARN_RANGE_LOOP_ANALYSIS = YES;
				CLANG_WARN_STRICT_PROTOTYPES = YES;
				CLANG_WARN_SUSPICIOUS_MOVE = YES;
				CLANG_WARN_UNGUARDED_AVAILABILITY = YES_AGGRESSIVE;
				CLANG_WARN_UNREACHABLE_CODE = YES;
				CLANG_WARN__DUPLICATE_METHOD_MATCH = YES;
				COPY_PHASE_STRIP = NO;
				DEBUG_INFORMATION_FORMAT = dwarf;
				ENABLE_STRICT_OBJC_MSGSEND = YES;
				ENABLE_TESTABILITY = YES;
				GCC_C_LANGUAGE_STANDARD = gnu11;
				GCC_DYNAMIC_NO_PIC = NO;
				GCC_NO_COMMON_BLOCKS = YES;
				GCC_OPTIMIZATION_LEVEL = 0;
				GCC_PREPROCESSOR_DEFINITIONS = (
					"DEBUG=1",
					"$(inherited)",
				);
				GCC_WARN_64_TO_32_BIT_CONVERSION = YES;
				GCC_WARN_ABOUT_RETURN_TYPE = YES_ERROR;
				GCC_WARN_UNDECLARED_SELECTOR = YES;
				GCC_WARN_UNINITIALIZED_AUTOS = YES_AGGRESSIVE;
				GCC_WARN_UNUSED_FUNCTION = YES;
				GCC_WARN_UNUSED_VARIABLE = YES;
				IPHONEOS_DEPLOYMENT_TARGET = 13.1;
				MTL_ENABLE_DEBUG_INFO = INCLUDE_SOURCE;
				MTL_FAST_MATH = YES;
				ONLY_ACTIVE_ARCH = YES;
				SDKROOT = iphoneos;
				SWIFT_ACTIVE_COMPILATION_CONDITIONS = DEBUG;
				SWIFT_OPTIMIZATION_LEVEL = "-Onone";
			};
			name = Debug;
		};
		57126B5723626E13000852DD /* Release */ = {
			isa = XCBuildConfiguration;
			buildSettings = {
				ALWAYS_SEARCH_USER_PATHS = NO;
				CLANG_ANALYZER_NONNULL = YES;
				CLANG_ANALYZER_NUMBER_OBJECT_CONVERSION = YES_AGGRESSIVE;
				CLANG_CXX_LANGUAGE_STANDARD = "gnu++14";
				CLANG_CXX_LIBRARY = "libc++";
				CLANG_ENABLE_MODULES = YES;
				CLANG_ENABLE_OBJC_ARC = YES;
				CLANG_ENABLE_OBJC_WEAK = YES;
				CLANG_WARN_BLOCK_CAPTURE_AUTORELEASING = YES;
				CLANG_WARN_BOOL_CONVERSION = YES;
				CLANG_WARN_COMMA = YES;
				CLANG_WARN_CONSTANT_CONVERSION = YES;
				CLANG_WARN_DEPRECATED_OBJC_IMPLEMENTATIONS = YES;
				CLANG_WARN_DIRECT_OBJC_ISA_USAGE = YES_ERROR;
				CLANG_WARN_DOCUMENTATION_COMMENTS = YES;
				CLANG_WARN_EMPTY_BODY = YES;
				CLANG_WARN_ENUM_CONVERSION = YES;
				CLANG_WARN_INFINITE_RECURSION = YES;
				CLANG_WARN_INT_CONVERSION = YES;
				CLANG_WARN_NON_LITERAL_NULL_CONVERSION = YES;
				CLANG_WARN_OBJC_IMPLICIT_RETAIN_SELF = YES;
				CLANG_WARN_OBJC_LITERAL_CONVERSION = YES;
				CLANG_WARN_OBJC_ROOT_CLASS = YES_ERROR;
				CLANG_WARN_RANGE_LOOP_ANALYSIS = YES;
				CLANG_WARN_STRICT_PROTOTYPES = YES;
				CLANG_WARN_SUSPICIOUS_MOVE = YES;
				CLANG_WARN_UNGUARDED_AVAILABILITY = YES_AGGRESSIVE;
				CLANG_WARN_UNREACHABLE_CODE = YES;
				CLANG_WARN__DUPLICATE_METHOD_MATCH = YES;
				COPY_PHASE_STRIP = NO;
				DEBUG_INFORMATION_FORMAT = "dwarf-with-dsym";
				ENABLE_NS_ASSERTIONS = NO;
				ENABLE_STRICT_OBJC_MSGSEND = YES;
				GCC_C_LANGUAGE_STANDARD = gnu11;
				GCC_NO_COMMON_BLOCKS = YES;
				GCC_WARN_64_TO_32_BIT_CONVERSION = YES;
				GCC_WARN_ABOUT_RETURN_TYPE = YES_ERROR;
				GCC_WARN_UNDECLARED_SELECTOR = YES;
				GCC_WARN_UNINITIALIZED_AUTOS = YES_AGGRESSIVE;
				GCC_WARN_UNUSED_FUNCTION = YES;
				GCC_WARN_UNUSED_VARIABLE = YES;
				IPHONEOS_DEPLOYMENT_TARGET = 13.1;
				MTL_ENABLE_DEBUG_INFO = NO;
				MTL_FAST_MATH = YES;
				SDKROOT = iphoneos;
				SWIFT_COMPILATION_MODE = wholemodule;
				SWIFT_OPTIMIZATION_LEVEL = "-O";
				VALIDATE_PRODUCT = YES;
			};
			name = Release;
		};
		57126B5923626E13000852DD /* Debug */ = {
			isa = XCBuildConfiguration;
			buildSettings = {
				ASSETCATALOG_COMPILER_APPICON_NAME = AppIcon;
				CODE_SIGN_STYLE = Automatic;
				DEVELOPMENT_TEAM = UJFFUHX59U;
				INFOPLIST_FILE = "$(SRCROOT)/ActivityTimer/Info.plist";
				LD_RUNPATH_SEARCH_PATHS = (
					"$(inherited)",
					"@executable_path/Frameworks",
				);
				PRODUCT_BUNDLE_IDENTIFIER = com.alexcapp.ActivityTimeManager;
				PRODUCT_NAME = "$(TARGET_NAME)";
				SWIFT_VERSION = 5.0;
				TARGETED_DEVICE_FAMILY = "1,2";
			};
			name = Debug;
		};
		57126B5A23626E13000852DD /* Release */ = {
			isa = XCBuildConfiguration;
			buildSettings = {
				ASSETCATALOG_COMPILER_APPICON_NAME = AppIcon;
				CODE_SIGN_STYLE = Automatic;
				DEVELOPMENT_TEAM = UJFFUHX59U;
				INFOPLIST_FILE = "$(SRCROOT)/ActivityTimer/Info.plist";
				LD_RUNPATH_SEARCH_PATHS = (
					"$(inherited)",
					"@executable_path/Frameworks",
				);
				PRODUCT_BUNDLE_IDENTIFIER = com.alexcapp.ActivityTimeManager;
				PRODUCT_NAME = "$(TARGET_NAME)";
				SWIFT_VERSION = 5.0;
				TARGETED_DEVICE_FAMILY = "1,2";
			};
			name = Release;
		};
/* End XCBuildConfiguration section */

/* Begin XCConfigurationList section */
		57126B3F23626E0A000852DD /* Build configuration list for PBXProject "ActivityTimer" */ = {
			isa = XCConfigurationList;
			buildConfigurations = (
				57126B5623626E13000852DD /* Debug */,
				57126B5723626E13000852DD /* Release */,
			);
			defaultConfigurationIsVisible = 0;
			defaultConfigurationName = Release;
		};
		57126B5823626E13000852DD /* Build configuration list for PBXNativeTarget "ActivityTimer" */ = {
			isa = XCConfigurationList;
			buildConfigurations = (
				57126B5923626E13000852DD /* Debug */,
				57126B5A23626E13000852DD /* Release */,
			);
			defaultConfigurationIsVisible = 0;
			defaultConfigurationName = Release;
		};
/* End XCConfigurationList section */
	};
	rootObject = 57126B3C23626E0A000852DD /* Project object */;
}
